
Microsoft Visual Studio Solution File, Format Version 12.00
# Visual Studio 2013
VisualStudioVersion = 12.0.31101.0
MinimumVisualStudioVersion = 10.0.40219.1
Project("{FAE04EC0-301F-11D3-BF4B-00C04F79EFBC}") = "NeedHelpExamples", "NeedHelpExamples.csproj", "{84D5D177-157A-46A2-9F83-1A462E14994F}"
EndProject
Global
	GlobalSection(SolutionConfigurationPlatforms) = preSolution
		Debug|Any CPU = Debug|Any CPU
		Release|Any CPU = Release|Any CPU
	EndGlobalSection
	GlobalSection(ProjectConfigurationPlatforms) = postSolution
		{84D5D177-157A-46A2-9F83-1A462E14994F}.Debug|Any CPU.ActiveCfg = Debug|Any CPU
		{84D5D177-157A-46A2-9F83-1A462E14994F}.Debug|Any CPU.Build.0 = Debug|Any CPU
		{84D5D177-157A-46A2-9F83-1A462E14994F}.Release|Any CPU.ActiveCfg = Release|Any CPU
		{84D5D177-157A-46A2-9F83-1A462E14994F}.Release|Any CPU.Build.0 = Release|Any CPU
	EndGlobalSection
	GlobalSection(SolutionProperties) = preSolution
		HideSolutionNode = FALSE
	EndGlobalSection
EndGlobal
